
Microsoft Visual Studio Solution File, Format Version 12.00
# Visual Studio Version 17
VisualStudioVersion = 17.8.34511.84
MinimumVisualStudioVersion = 10.0.40219.1
Project("{FAE04EC0-301F-11D3-BF4B-00C04F79EFBC}") = "C#Basic01G02", "C#Basic01G02\C#Basic01G02.csproj", "{CD3EBC19-BA3F-453E-9E17-9E70852528ED}"
EndProject
Global
	GlobalSection(SolutionConfigurationPlatforms) = preSolution
		Debug|Any CPU = Debug|Any CPU
		Release|Any CPU = Release|Any CPU
	EndGlobalSection
	GlobalSection(ProjectConfigurationPlatforms) = postSolution
		{CD3EBC19-BA3F-453E-9E17-9E70852528ED}.Debug|Any CPU.ActiveCfg = Debug|Any CPU
		{CD3EBC19-BA3F-453E-9E17-9E70852528ED}.Debug|Any CPU.Build.0 = Debug|Any CPU
		{CD3EBC19-BA3F-453E-9E17-9E70852528ED}.Release|Any CPU.ActiveCfg = Release|Any CPU
		{CD3EBC19-BA3F-453E-9E17-9E70852528ED}.Release|Any CPU.Build.0 = Release|Any CPU
	EndGlobalSection
	GlobalSection(SolutionProperties) = preSolution
		HideSolutionNode = FALSE
	EndGlobalSection
	GlobalSection(ExtensibilityGlobals) = postSolution
		SolutionGuid = {AF2EA866-7AFE-4140-9108-17DECD7FC637}
	EndGlobalSection
EndGlobal
